{
  "name": "@dw/dw-radio-button",
  "version": "1.0.1-SNAPSHOT",
  "lockfileVersion": 1,
  "requires": true,
  "dependencies": {
    "@dw/dw-checkbox": {
      "version": "1.0.0-SNAPSHOT",
      "resolved": "https://npm.dreamworld.solutions/repository/npm/@dw/dw-checkbox/-/dw-checkbox-1.0.0-SNAPSHOT.tgz",
      "integrity": "sha512-fyn7qdTuMVN6uWX6PhudJskzxv9IALu8yt3OwbNGbLsJg1KV6e68fWqM+Kbxmd70Gt2wgPooCYMQtArv9Dzt+A==",
      "requires": {
        "@dw/dw-form-field": "^1.0.0-SNAPSHOT",
        "@material/mwc-checkbox": "^0.6.0",
        "@material/mwc-formfield": "^0.6.0"
      }
    },
    "@dw/dw-form": {
      "version": "1.0.0-SNAPSHOT",
      "resolved": "https://npm.dreamworld.solutions/repository/npm/@dw/dw-form/-/dw-form-1.0.0-SNAPSHOT.tgz",
      "integrity": "sha512-UOyAwrTeDQImpDnkb9ZB/xCEsQUSrnSUDcT2lDOhaoFk5wMmug3MuTUb0TzVLGvG/7oZcgVP9k700d4k2jbYMw==",
      "requires": {
        "@dw/dw-checkbox": "^1.0.0-SNAPSHOT",
        "@dw/dw-input": "^1.0.0-SNAPSHOT",
        "lit-element": "^2.0.1"
      }
    },
    "@dw/dw-form-field": {
      "version": "1.0.0-SNAPSHOT",
      "resolved": "https://npm.dreamworld.solutions/repository/npm/@dw/dw-form-field/-/dw-form-field-1.0.0-SNAPSHOT.tgz",
      "integrity": "sha512-aUybQBGvSeJpa9G1QGw2h3cQZqBJLjArxpnI8jjhVlpY/GdQ/oajTEoIE6Xy37lnQzb6+0C4P+plUXSyTJ4v1g==",
      "requires": {
        "@material/mwc-checkbox": "^0.6.0",
        "@material/mwc-formfield": "^0.6.0"
      }
    },
    "@dw/dw-input": {
      "version": "1.0.0-SNAPSHOT",
      "resolved": "https://npm.dreamworld.solutions/repository/npm/@dw/dw-input/-/dw-input-1.0.0-SNAPSHOT.tgz",
      "integrity": "sha512-kNTKcRbYhcxVcns1ny5diWyogTgUQfW8xEK8Xpp7Yql9/47Xmrysoupg0iycL0F8Fh+Au2tUNMfwLDe616vmoQ==",
      "requires": {
        "@dw/dw-form": "^1.0.0-SNAPSHOT",
        "@material/textfield": "^3.1.0",
        "lit-element": "^2.2.1"
      }
    },
    "@dw/flex-layout": {
      "version": "1.0.5",
      "resolved": "https://npm.dreamworld.solutions/repository/npm/@dw/flex-layout/-/flex-layout-1.0.5.tgz",
      "integrity": "sha512-TFMDs7/4z5p7EcwFIdwS3uystseSBi4ipYhA4vouEK4kzwUB/aYNcVZYqLpnaAPDyGoTU4XtQd/QyGyVff2znA==",
      "requires": {
        "lit-element": "^2.1.0"
      }
    },
    "@material/animation": {
      "version": "1.0.0",
      "resolved": "https://npm.dreamworld.solutions/repository/npm/@material/animation/-/animation-1.0.0.tgz",
      "integrity": "sha512-Ed5/vggn6ZhSJ87yn3ZS1d826VJNFz73jHF2bSsgRtHDoB8KCuOwQMfdgAgDa4lKDF6CDIPCKBZPKrs2ubehdw==",
      "requires": {
        "tslib": "^1.9.3"
      }
    },
    "@material/base": {
      "version": "1.0.0",
      "resolved": "https://npm.dreamworld.solutions/repository/npm/@material/base/-/base-1.0.0.tgz",
      "integrity": "sha512-5dxFp46x5FA+Epg6YHLzN+5zRt9S2wR84UdvVAEJ1egea94m9UHUg7y9tAnNSN16aexRSywmzyLwPr+i8PGEYA==",
      "requires": {
        "tslib": "^1.9.3"
      }
    },
    "@material/checkbox": {
      "version": "1.1.0",
      "resolved": "https://npm.dreamworld.solutions/repository/npm/@material/checkbox/-/checkbox-1.1.0.tgz",
      "integrity": "sha512-jCrkG8VkN63uH+YRhu7RWIsrYGw2Gu89OEPe+sqGYWsr+BbOuzBBqxrM09rUkXykCyi8gAbxpWZPVGCmcDHtJQ==",
      "requires": {
        "@material/animation": "^1.0.0",
        "@material/base": "^1.0.0",
        "@material/dom": "^1.1.0",
        "@material/feature-targeting": "^0.44.1",
        "@material/ripple": "^1.1.0",
        "@material/rtl": "^0.42.0",
        "@material/theme": "^1.1.0",
        "tslib": "^1.9.3"
      }
    },
    "@material/dom": {
      "version": "1.1.0",
      "resolved": "https://npm.dreamworld.solutions/repository/npm/@material/dom/-/dom-1.1.0.tgz",
      "integrity": "sha512-+HWW38ZaM2UBPu4+7QCusLDSf4tFT31rsEXHkTkxYSg/QpDivfPx6YDz4OmYtafmhPR1d1YjqB3MYysUHdodyw==",
      "requires": {
        "tslib": "^1.9.3"
      }
    },
    "@material/feature-targeting": {
      "version": "0.44.1",
      "resolved": "https://npm.dreamworld.solutions/repository/npm/@material/feature-targeting/-/feature-targeting-0.44.1.tgz",
      "integrity": "sha512-90cc7njn4aHbH9UxY8qgZth1W5JgOgcEdWdubH1t7sFkwqFxS5g3zgxSBt46TygFBVIXNZNq35Xmg80wgqO7Pg=="
    },
    "@material/floating-label": {
      "version": "3.1.0",
      "resolved": "https://npm.dreamworld.solutions/repository/npm/@material/floating-label/-/floating-label-3.1.0.tgz",
      "integrity": "sha512-dzV/h7EjEMQmiDOdL0h7kETRRrqFC+e8M5KDxnJZ3j/Gbp6JzvXrpvZwwf/DkBK6Sl6xcScmAyGKMjXRXS1O1Q==",
      "requires": {
        "@material/animation": "^3.1.0",
        "@material/base": "^3.1.0",
        "@material/rtl": "^3.1.0",
        "@material/theme": "^3.1.0",
        "@material/typography": "^3.1.0",
        "tslib": "^1.9.3"
      },
      "dependencies": {
        "@material/animation": {
          "version": "3.1.0",
          "resolved": "https://npm.dreamworld.solutions/repository/npm/@material/animation/-/animation-3.1.0.tgz",
          "integrity": "sha512-ZfP95awrPBLhpaCTPNx+xKYPp2D88fzf5p5YNVp6diUAGRpq3g12Aq7qJfIHDXAFo5CtrYhgOKRqIKxUVcFisQ==",
          "requires": {
            "tslib": "^1.9.3"
          }
        },
        "@material/base": {
          "version": "3.1.0",
          "resolved": "https://npm.dreamworld.solutions/repository/npm/@material/base/-/base-3.1.0.tgz",
          "integrity": "sha512-pWEBHyPrMV3rdnjqWWH96h5t3MxQI6V1J9jOor+UBG7bXQtr6InTabTqhz5CLY7r+qZU8YvNh2OKIy8heP0cyQ==",
          "requires": {
            "tslib": "^1.9.3"
          }
        },
        "@material/feature-targeting": {
          "version": "3.1.0",
          "resolved": "https://npm.dreamworld.solutions/repository/npm/@material/feature-targeting/-/feature-targeting-3.1.0.tgz",
          "integrity": "sha512-aXAa1Pv6w32URacE9LfMsl9zI6hFwx1K0Lp3Xpyf4rAkmaAB6z0gOkhicOrVFc0f64YheJgHjE7hJFieVenQdw=="
        },
        "@material/rtl": {
          "version": "3.1.0",
          "resolved": "https://npm.dreamworld.solutions/repository/npm/@material/rtl/-/rtl-3.1.0.tgz",
          "integrity": "sha512-HH19edQNb139zC+1SZ6/C9G92E54fUrnnW9AAF7t5eGjGdF26YJXJ/uhz+TnFhNUMi/QGrKUSycd4o73nU1m4A=="
        },
        "@material/theme": {
          "version": "3.1.0",
          "resolved": "https://npm.dreamworld.solutions/repository/npm/@material/theme/-/theme-3.1.0.tgz",
          "integrity": "sha512-N4JX+akOwg1faAvFvIEhDcwW4cZfUpwEn8lct6Vs3WczjLF6/KdIoLVaYh+eVl1bzfsoIuWvx56j0B1PjXZw9g==",
          "requires": {
            "@material/feature-targeting": "^3.1.0"
          }
        },
        "@material/typography": {
          "version": "3.1.0",
          "resolved": "https://npm.dreamworld.solutions/repository/npm/@material/typography/-/typography-3.1.0.tgz",
          "integrity": "sha512-aSNBQvVxIH1kORSYdLGuSTivx6oJ1MSOSTUAsUwhXPQLQlvbdFeZaqUp7xgn+EvRsHGRFhWk5YGuiBds9+7zQg==",
          "requires": {
            "@material/feature-targeting": "^3.1.0"
          }
        }
      }
    },
    "@material/form-field": {
      "version": "1.1.0",
      "resolved": "https://npm.dreamworld.solutions/repository/npm/@material/form-field/-/form-field-1.1.0.tgz",
      "integrity": "sha512-/m382G90rctenVAbPwTzAVtQGm9Bjnnvde03WPijFE6kirczi6pJWns+cFtN///e5nUc5fhBwNdpEnJmoUYvQg==",
      "requires": {
        "@material/base": "^1.0.0",
        "@material/feature-targeting": "^0.44.1",
        "@material/ripple": "^1.1.0",
        "@material/rtl": "^0.42.0",
        "@material/theme": "^1.1.0",
        "@material/typography": "^1.0.0",
        "tslib": "^1.9.3"
      }
    },
    "@material/line-ripple": {
      "version": "3.1.0",
      "resolved": "https://npm.dreamworld.solutions/repository/npm/@material/line-ripple/-/line-ripple-3.1.0.tgz",
      "integrity": "sha512-o6E6wrDqoOK4esCnM1MQ9t7DC/JQrzSrwYsYdqtOpGnr3G5Jx7WWVt6GEVh2eNXy8OnVYkJdQbMjyPVEVJb/Dg==",
      "requires": {
        "@material/animation": "^3.1.0",
        "@material/base": "^3.1.0",
        "@material/theme": "^3.1.0",
        "tslib": "^1.9.3"
      },
      "dependencies": {
        "@material/animation": {
          "version": "3.1.0",
          "resolved": "https://npm.dreamworld.solutions/repository/npm/@material/animation/-/animation-3.1.0.tgz",
          "integrity": "sha512-ZfP95awrPBLhpaCTPNx+xKYPp2D88fzf5p5YNVp6diUAGRpq3g12Aq7qJfIHDXAFo5CtrYhgOKRqIKxUVcFisQ==",
          "requires": {
            "tslib": "^1.9.3"
          }
        },
        "@material/base": {
          "version": "3.1.0",
          "resolved": "https://npm.dreamworld.solutions/repository/npm/@material/base/-/base-3.1.0.tgz",
          "integrity": "sha512-pWEBHyPrMV3rdnjqWWH96h5t3MxQI6V1J9jOor+UBG7bXQtr6InTabTqhz5CLY7r+qZU8YvNh2OKIy8heP0cyQ==",
          "requires": {
            "tslib": "^1.9.3"
          }
        },
        "@material/feature-targeting": {
          "version": "3.1.0",
          "resolved": "https://npm.dreamworld.solutions/repository/npm/@material/feature-targeting/-/feature-targeting-3.1.0.tgz",
          "integrity": "sha512-aXAa1Pv6w32URacE9LfMsl9zI6hFwx1K0Lp3Xpyf4rAkmaAB6z0gOkhicOrVFc0f64YheJgHjE7hJFieVenQdw=="
        },
        "@material/theme": {
          "version": "3.1.0",
          "resolved": "https://npm.dreamworld.solutions/repository/npm/@material/theme/-/theme-3.1.0.tgz",
          "integrity": "sha512-N4JX+akOwg1faAvFvIEhDcwW4cZfUpwEn8lct6Vs3WczjLF6/KdIoLVaYh+eVl1bzfsoIuWvx56j0B1PjXZw9g==",
          "requires": {
            "@material/feature-targeting": "^3.1.0"
          }
        }
      }
    },
    "@material/mwc-base": {
      "version": "0.6.0",
      "resolved": "https://npm.dreamworld.solutions/repository/npm/@material/mwc-base/-/mwc-base-0.6.0.tgz",
      "integrity": "sha512-AiMEoU3dkLhuEnK5HJ0yMrdcyq5rUq9LdooxOSLMzPRr/ALT8YS14/oklufYiPagehzJcL0MeiyL40OlSpkyBA==",
      "requires": {
        "@material/base": "^1.0.0",
        "lit-element": "^2.0.1",
        "lit-html": "^1.0.0"
      }
    },
    "@material/mwc-checkbox": {
      "version": "0.6.0",
      "resolved": "https://npm.dreamworld.solutions/repository/npm/@material/mwc-checkbox/-/mwc-checkbox-0.6.0.tgz",
      "integrity": "sha512-EbRuxpH0Y76X1Hp+96/JpfZgXn0Bxhqe4ZuTlzp0m3Kgc/rB9U6mqCT/8xZuOsmvtc/+bM+4fV2Jr3B/b/Rpqg==",
      "requires": {
        "@material/checkbox": "^1.0.0",
        "@material/mwc-base": "^0.6.0",
        "@material/mwc-ripple": "^0.6.0"
      }
    },
    "@material/mwc-formfield": {
      "version": "0.6.0",
      "resolved": "https://npm.dreamworld.solutions/repository/npm/@material/mwc-formfield/-/mwc-formfield-0.6.0.tgz",
      "integrity": "sha512-J5En/wloc8naR6ZkWvDjZkX4NC1skjqr0dAm9vH39UMcndioGkEX1GrvnUwWOAmeThwRBqxkfiqIdZUWjn3S0g==",
      "requires": {
        "@material/form-field": "^1.0.0",
        "@material/mwc-base": "^0.6.0"
      }
    },
    "@material/mwc-radio": {
      "version": "0.6.0",
      "resolved": "https://npm.dreamworld.solutions/repository/npm/@material/mwc-radio/-/mwc-radio-0.6.0.tgz",
      "integrity": "sha512-/zxhUC8qMf+TKtZ3Y22rIwQ0qNsdmAI6BYxxkcyBJ83za2AbF1lX4iPGqAG+0JTnUKu/cGeVCbFLuBtKqWetyA==",
      "requires": {
        "@material/mwc-base": "^0.6.0",
        "@material/mwc-ripple": "^0.6.0",
        "@material/radio": "^1.0.0"
      }
    },
    "@material/mwc-ripple": {
      "version": "0.6.0",
      "resolved": "https://npm.dreamworld.solutions/repository/npm/@material/mwc-ripple/-/mwc-ripple-0.6.0.tgz",
      "integrity": "sha512-K0b3VtKTlUd2RLaSJd6y9lBX47A84QjsK4eMn3PhDlWG7CkfhRf5XBZrOf/wzrqNf2/0w5of+8rFkohTraLHiw==",
      "requires": {
        "@material/mwc-base": "^0.6.0",
        "@material/ripple": "^1.0.0",
        "lit-html": "^1.0.0"
      }
    },
    "@material/notched-outline": {
      "version": "3.1.0",
      "resolved": "https://npm.dreamworld.solutions/repository/npm/@material/notched-outline/-/notched-outline-3.1.0.tgz",
      "integrity": "sha512-2kuWzBrRj+acUEllsh6w2XK3JRizT3oSx15vsEmYY8dVW8GuFSPjorNL69RpM/4cFhdBoeA9sk62YHI34qiGMw==",
      "requires": {
        "@material/animation": "^3.1.0",
        "@material/base": "^3.1.0",
        "@material/floating-label": "^3.1.0",
        "@material/rtl": "^3.1.0",
        "@material/shape": "^3.1.0",
        "@material/theme": "^3.1.0",
        "tslib": "^1.9.3"
      },
      "dependencies": {
        "@material/animation": {
          "version": "3.1.0",
          "resolved": "https://npm.dreamworld.solutions/repository/npm/@material/animation/-/animation-3.1.0.tgz",
          "integrity": "sha512-ZfP95awrPBLhpaCTPNx+xKYPp2D88fzf5p5YNVp6diUAGRpq3g12Aq7qJfIHDXAFo5CtrYhgOKRqIKxUVcFisQ==",
          "requires": {
            "tslib": "^1.9.3"
          }
        },
        "@material/base": {
          "version": "3.1.0",
          "resolved": "https://npm.dreamworld.solutions/repository/npm/@material/base/-/base-3.1.0.tgz",
          "integrity": "sha512-pWEBHyPrMV3rdnjqWWH96h5t3MxQI6V1J9jOor+UBG7bXQtr6InTabTqhz5CLY7r+qZU8YvNh2OKIy8heP0cyQ==",
          "requires": {
            "tslib": "^1.9.3"
          }
        },
        "@material/feature-targeting": {
          "version": "3.1.0",
          "resolved": "https://npm.dreamworld.solutions/repository/npm/@material/feature-targeting/-/feature-targeting-3.1.0.tgz",
          "integrity": "sha512-aXAa1Pv6w32URacE9LfMsl9zI6hFwx1K0Lp3Xpyf4rAkmaAB6z0gOkhicOrVFc0f64YheJgHjE7hJFieVenQdw=="
        },
        "@material/rtl": {
          "version": "3.1.0",
          "resolved": "https://npm.dreamworld.solutions/repository/npm/@material/rtl/-/rtl-3.1.0.tgz",
          "integrity": "sha512-HH19edQNb139zC+1SZ6/C9G92E54fUrnnW9AAF7t5eGjGdF26YJXJ/uhz+TnFhNUMi/QGrKUSycd4o73nU1m4A=="
        },
        "@material/theme": {
          "version": "3.1.0",
          "resolved": "https://npm.dreamworld.solutions/repository/npm/@material/theme/-/theme-3.1.0.tgz",
          "integrity": "sha512-N4JX+akOwg1faAvFvIEhDcwW4cZfUpwEn8lct6Vs3WczjLF6/KdIoLVaYh+eVl1bzfsoIuWvx56j0B1PjXZw9g==",
          "requires": {
            "@material/feature-targeting": "^3.1.0"
          }
        }
      }
    },
    "@material/radio": {
      "version": "1.1.0",
      "resolved": "https://npm.dreamworld.solutions/repository/npm/@material/radio/-/radio-1.1.0.tgz",
      "integrity": "sha512-ySocik+l1fInopaA8hDfByJahv1UywUNtUcG7+hLLOhxQx4XVpUJUIjU/dlvVDYJB0QZQatm2asKi2cYVPlIsQ==",
      "requires": {
        "@material/animation": "^1.0.0",
        "@material/base": "^1.0.0",
        "@material/feature-targeting": "^0.44.1",
        "@material/ripple": "^1.1.0",
        "@material/theme": "^1.1.0",
        "tslib": "^1.9.3"
      }
    },
    "@material/ripple": {
      "version": "1.1.0",
      "resolved": "https://npm.dreamworld.solutions/repository/npm/@material/ripple/-/ripple-1.1.0.tgz",
      "integrity": "sha512-mkfDBZAmxjpRG7V9TrfOmLxt1g/wvGHCXtYPgvH7W8ozjf53edqxLOFENEdvHbie27y9nyixzXn0gzU0HnxSeA==",
      "requires": {
        "@material/animation": "^1.0.0",
        "@material/base": "^1.0.0",
        "@material/dom": "^1.1.0",
        "@material/feature-targeting": "^0.44.1",
        "@material/theme": "^1.1.0",
        "tslib": "^1.9.3"
      }
    },
    "@material/rtl": {
      "version": "0.42.0",
      "resolved": "https://npm.dreamworld.solutions/repository/npm/@material/rtl/-/rtl-0.42.0.tgz",
      "integrity": "sha512-VrnrKJzhmspsN8WXHuxxBZ69yM5IwhCUqWr1t1eNfw3ZEvEj7i1g3P31HGowKThIN1dc1Wh4LE14rCISWCtv5w=="
    },
    "@material/shape": {
      "version": "3.1.0",
      "resolved": "https://npm.dreamworld.solutions/repository/npm/@material/shape/-/shape-3.1.0.tgz",
      "integrity": "sha512-Oyvs7YjHfByA0e9IVVp7ojAlPwgSu3Bl0cioiE0OdkidkAaNu0izM2ryRzMBDH5o8+lRD0kpZoT+9CVVCdaYIg==",
      "requires": {
        "@material/feature-targeting": "^3.1.0"
      },
      "dependencies": {
        "@material/feature-targeting": {
          "version": "3.1.0",
          "resolved": "https://npm.dreamworld.solutions/repository/npm/@material/feature-targeting/-/feature-targeting-3.1.0.tgz",
          "integrity": "sha512-aXAa1Pv6w32URacE9LfMsl9zI6hFwx1K0Lp3Xpyf4rAkmaAB6z0gOkhicOrVFc0f64YheJgHjE7hJFieVenQdw=="
        }
      }
    },
    "@material/textfield": {
      "version": "3.1.0",
      "resolved": "https://npm.dreamworld.solutions/repository/npm/@material/textfield/-/textfield-3.1.0.tgz",
      "integrity": "sha512-yHCRU8POsOb03hGSoPwOpW2mm+lteqHOBJlFUidouNCdXshdrgR6w0J/tGQgbKPcQqEwd3vPlhia61bh40GR9Q==",
      "requires": {
        "@material/animation": "^3.1.0",
        "@material/base": "^3.1.0",
        "@material/dom": "^3.1.0",
        "@material/floating-label": "^3.1.0",
        "@material/line-ripple": "^3.1.0",
        "@material/notched-outline": "^3.1.0",
        "@material/ripple": "^3.1.0",
        "@material/rtl": "^3.1.0",
        "@material/shape": "^3.1.0",
        "@material/theme": "^3.1.0",
        "@material/typography": "^3.1.0",
        "tslib": "^1.9.3"
      },
      "dependencies": {
        "@material/animation": {
          "version": "3.1.0",
          "resolved": "https://npm.dreamworld.solutions/repository/npm/@material/animation/-/animation-3.1.0.tgz",
          "integrity": "sha512-ZfP95awrPBLhpaCTPNx+xKYPp2D88fzf5p5YNVp6diUAGRpq3g12Aq7qJfIHDXAFo5CtrYhgOKRqIKxUVcFisQ==",
          "requires": {
            "tslib": "^1.9.3"
          }
        },
        "@material/base": {
          "version": "3.1.0",
          "resolved": "https://npm.dreamworld.solutions/repository/npm/@material/base/-/base-3.1.0.tgz",
          "integrity": "sha512-pWEBHyPrMV3rdnjqWWH96h5t3MxQI6V1J9jOor+UBG7bXQtr6InTabTqhz5CLY7r+qZU8YvNh2OKIy8heP0cyQ==",
          "requires": {
            "tslib": "^1.9.3"
          }
        },
        "@material/dom": {
          "version": "3.1.0",
          "resolved": "https://npm.dreamworld.solutions/repository/npm/@material/dom/-/dom-3.1.0.tgz",
          "integrity": "sha512-RtBLSkrBjMfHwknaGBifAIC8cBWF9pXjz2IYqfI2braB6SfQI4vhdJviwyiA5BmA/psn3cKpBUZbHI0ym0O0SQ==",
          "requires": {
            "tslib": "^1.9.3"
          }
        },
        "@material/feature-targeting": {
          "version": "3.1.0",
          "resolved": "https://npm.dreamworld.solutions/repository/npm/@material/feature-targeting/-/feature-targeting-3.1.0.tgz",
          "integrity": "sha512-aXAa1Pv6w32URacE9LfMsl9zI6hFwx1K0Lp3Xpyf4rAkmaAB6z0gOkhicOrVFc0f64YheJgHjE7hJFieVenQdw=="
        },
        "@material/ripple": {
          "version": "3.1.0",
          "resolved": "https://npm.dreamworld.solutions/repository/npm/@material/ripple/-/ripple-3.1.0.tgz",
          "integrity": "sha512-mYvd2iWbQyVd6aLS9alHShoL05p/D0cvh5h1ga3atz55azooMLhGsbbE1YlEqUDKHKNuNvdVFm+0IfWdvvRgsw==",
          "requires": {
            "@material/animation": "^3.1.0",
            "@material/base": "^3.1.0",
            "@material/dom": "^3.1.0",
            "@material/feature-targeting": "^3.1.0",
            "@material/theme": "^3.1.0",
            "tslib": "^1.9.3"
          }
        },
        "@material/rtl": {
          "version": "3.1.0",
          "resolved": "https://npm.dreamworld.solutions/repository/npm/@material/rtl/-/rtl-3.1.0.tgz",
          "integrity": "sha512-HH19edQNb139zC+1SZ6/C9G92E54fUrnnW9AAF7t5eGjGdF26YJXJ/uhz+TnFhNUMi/QGrKUSycd4o73nU1m4A=="
        },
        "@material/theme": {
          "version": "3.1.0",
          "resolved": "https://npm.dreamworld.solutions/repository/npm/@material/theme/-/theme-3.1.0.tgz",
          "integrity": "sha512-N4JX+akOwg1faAvFvIEhDcwW4cZfUpwEn8lct6Vs3WczjLF6/KdIoLVaYh+eVl1bzfsoIuWvx56j0B1PjXZw9g==",
          "requires": {
            "@material/feature-targeting": "^3.1.0"
          }
        },
        "@material/typography": {
          "version": "3.1.0",
          "resolved": "https://npm.dreamworld.solutions/repository/npm/@material/typography/-/typography-3.1.0.tgz",
          "integrity": "sha512-aSNBQvVxIH1kORSYdLGuSTivx6oJ1MSOSTUAsUwhXPQLQlvbdFeZaqUp7xgn+EvRsHGRFhWk5YGuiBds9+7zQg==",
          "requires": {
            "@material/feature-targeting": "^3.1.0"
          }
        }
      }
    },
    "@material/theme": {
      "version": "1.1.0",
      "resolved": "https://npm.dreamworld.solutions/repository/npm/@material/theme/-/theme-1.1.0.tgz",
      "integrity": "sha512-YYUV9Rhbx4r/EMb/zoOYJUWjhXChNaLlH1rqt3vpNVyxRcxGqoVMGp5u1XALBCFiD9dACPKLIkKyRYa928nmPQ==",
      "requires": {
        "@material/feature-targeting": "^0.44.1"
      }
    },
    "@material/typography": {
      "version": "1.0.0",
      "resolved": "https://npm.dreamworld.solutions/repository/npm/@material/typography/-/typography-1.0.0.tgz",
      "integrity": "sha512-Oeqbjci1cC7jTE8/n3dwnkqKe9ZeWiaE+rgMtRYtRFw1HvAw14SpGA5EEAS/Li2Hu2KZ50FYCe3HYqShfxtChA==",
      "requires": {
        "@material/feature-targeting": "^0.44.1"
      }
    },
    "@webcomponents/webcomponentsjs": {
      "version": "2.2.10",
      "resolved": "https://npm.dreamworld.solutions/repository/npm/@webcomponents/webcomponentsjs/-/webcomponentsjs-2.2.10.tgz",
      "integrity": "sha512-5dzhUhP+h0qMiK0IWb7VNb0OGBoXO3AuI6Qi8t9PoKT50s5L1jv0xnwnLq+cFgPuTB8FLTNP8xIDmyoOsKBy9Q==",
      "dev": true
    },
    "lit-element": {
      "version": "2.2.1",
      "resolved": "https://npm.dreamworld.solutions/repository/npm/lit-element/-/lit-element-2.2.1.tgz",
      "integrity": "sha512-ipDcgQ1EpW6Va2Z6dWm79jYdimVepO5GL0eYkZrFvdr0OD/1N260Q9DH+K5HXHFrRoC7dOg+ZpED2XE0TgGdXw==",
      "requires": {
        "lit-html": "^1.0.0"
      }
    },
    "lit-html": {
      "version": "1.1.1",
      "resolved": "https://npm.dreamworld.solutions/repository/npm/lit-html/-/lit-html-1.1.1.tgz",
      "integrity": "sha512-1WqhkPpj+CKwLRXCCbyRGnWkcFKE4ft2+j8C2zaXwFUK9I2vYDzTuDGPh0H9hZcDBEwoe6YpPC8AO5734EPORQ=="
    },
    "tslib": {
      "version": "1.10.0",
      "resolved": "https://npm.dreamworld.solutions/repository/npm/tslib/-/tslib-1.10.0.tgz",
      "integrity": "sha512-qOebF53frne81cf0S9B41ByenJ3/IuH8yJKngAX35CmiZySA0khhkovshKK+jGCaMnVomla7gVlIcc3EvKPbTQ=="
    }
  }
}
